
Microsoft Visual Studio Solution File, Format Version 12.00
# Visual Studio Version 17
VisualStudioVersion = 17.8.34601.278
MinimumVisualStudioVersion = 10.0.40219.1
Project("{FAE04EC0-301F-11D3-BF4B-00C04F79EFBC}") = "todoApi001", "todoApi001.csproj", "{BC255397-2FEC-44F0-9E90-6310B6DD1B05}"
EndProject
Global
	GlobalSection(SolutionConfigurationPlatforms) = preSolution
		Debug|Any CPU = Debug|Any CPU
		Release|Any CPU = Release|Any CPU
	EndGlobalSection
	GlobalSection(ProjectConfigurationPlatforms) = postSolution
		{BC255397-2FEC-44F0-9E90-6310B6DD1B05}.Debug|Any CPU.ActiveCfg = Debug|Any CPU
		{BC255397-2FEC-44F0-9E90-6310B6DD1B05}.Debug|Any CPU.Build.0 = Debug|Any CPU
		{BC255397-2FEC-44F0-9E90-6310B6DD1B05}.Release|Any CPU.ActiveCfg = Release|Any CPU
		{BC255397-2FEC-44F0-9E90-6310B6DD1B05}.Release|Any CPU.Build.0 = Release|Any CPU
	EndGlobalSection
	GlobalSection(SolutionProperties) = preSolution
		HideSolutionNode = FALSE
	EndGlobalSection
	GlobalSection(ExtensibilityGlobals) = postSolution
		SolutionGuid = {83A4316D-C1AF-4375-8953-3B64E1D3109A}
	EndGlobalSection
EndGlobal
